
Microsoft Visual Studio Solution File, Format Version 12.00
Project("{FAE04EC0-301F-11D3-BF4B-00C04F79EFBC}") = "ElementarySchool", "ElementarySchool\ElementarySchool.csproj", "{D4043BA7-5937-462A-889A-6BFAEEC617FE}"
EndProject
Global
	GlobalSection(SolutionConfigurationPlatforms) = preSolution
		Debug|Any CPU = Debug|Any CPU
		Release|Any CPU = Release|Any CPU
	EndGlobalSection
	GlobalSection(ProjectConfigurationPlatforms) = postSolution
		{D4043BA7-5937-462A-889A-6BFAEEC617FE}.Debug|Any CPU.ActiveCfg = Debug|Any CPU
		{D4043BA7-5937-462A-889A-6BFAEEC617FE}.Debug|Any CPU.Build.0 = Debug|Any CPU
		{D4043BA7-5937-462A-889A-6BFAEEC617FE}.Release|Any CPU.ActiveCfg = Release|Any CPU
		{D4043BA7-5937-462A-889A-6BFAEEC617FE}.Release|Any CPU.Build.0 = Release|Any CPU
	EndGlobalSection
EndGlobal
